
Microsoft Visual Studio Solution File, Format Version 12.00
# Visual Studio Version 17
VisualStudioVersion = 17.10.35013.160
MinimumVisualStudioVersion = 10.0.40219.1
Project("{FAE04EC0-301F-11D3-BF4B-00C04F79EFBC}") = "StateDesignPattern", "StateDesignPattern\StateDesignPattern.csproj", "{1C6D83EE-E7C3-44B1-A686-22A3AC1CB868}"
EndProject
Global
	GlobalSection(SolutionConfigurationPlatforms) = preSolution
		Debug|Any CPU = Debug|Any CPU
		Release|Any CPU = Release|Any CPU
	EndGlobalSection
	GlobalSection(ProjectConfigurationPlatforms) = postSolution
		{1C6D83EE-E7C3-44B1-A686-22A3AC1CB868}.Debug|Any CPU.ActiveCfg = Debug|Any CPU
		{1C6D83EE-E7C3-44B1-A686-22A3AC1CB868}.Debug|Any CPU.Build.0 = Debug|Any CPU
		{1C6D83EE-E7C3-44B1-A686-22A3AC1CB868}.Release|Any CPU.ActiveCfg = Release|Any CPU
		{1C6D83EE-E7C3-44B1-A686-22A3AC1CB868}.Release|Any CPU.Build.0 = Release|Any CPU
	EndGlobalSection
	GlobalSection(SolutionProperties) = preSolution
		HideSolutionNode = FALSE
	EndGlobalSection
	GlobalSection(ExtensibilityGlobals) = postSolution
		SolutionGuid = {6B4DDD07-FA6E-412C-ADFA-2BC15CFF0980}
	EndGlobalSection
EndGlobal
